
Microsoft Visual Studio Solution File, Format Version 12.00
# Visual Studio Version 16
VisualStudioVersion = 16.0.31402.337
MinimumVisualStudioVersion = 10.0.40219.1
Project("{9A19103F-16F7-4668-BE54-9A1E7A4F7556}") = "uplink.NET.UnoHelpers", "uplink.NET.UnoHelpers\uplink.NET.UnoHelpers.csproj", "{7BE48FEC-C920-442E-AED1-5C41048B0A39}"
EndProject
Project("{2150E333-8FDC-42A3-9474-1A3956D46DE8}") = "TestApp", "TestApp", "{AF1E3559-F30D-4D73-BC0D-066C4C98D64D}"
EndProject
Project("{D954291E-2A0B-460D-934E-DC6B0785DB48}") = "uplink.NET.UnoHelpers.TestApp.Shared", "uplink.NET.UnoHelpers.TestApp\uplink.NET.UnoHelpers.TestApp.Shared\uplink.NET.UnoHelpers.TestApp.Shared.shproj", "{6279C845-92F8-4333-AB99-3D213163593C}"
EndProject
Project("{2150E333-8FDC-42A3-9474-1A3956D46DE8}") = "Platforms", "Platforms", "{1263379C-A6BB-450C-B680-D43871554CCF}"
EndProject
Project("{FAE04EC0-301F-11D3-BF4B-00C04F79EFBC}") = "uplink.NET.UnoHelpers.TestApp.Droid", "uplink.NET.UnoHelpers.TestApp\uplink.NET.UnoHelpers.TestApp.Droid\uplink.NET.UnoHelpers.TestApp.Droid.csproj", "{F4936235-FE19-412F-A41F-3D229E5079D4}"
EndProject
Project("{FAE04EC0-301F-11D3-BF4B-00C04F79EFBC}") = "uplink.NET.UnoHelpers.TestApp.iOS", "uplink.NET.UnoHelpers.TestApp\uplink.NET.UnoHelpers.TestApp.iOS\uplink.NET.UnoHelpers.TestApp.iOS.csproj", "{F1B279B5-08F3-43BD-93DF-812A8EC87B50}"
EndProject
Project("{FAE04EC0-301F-11D3-BF4B-00C04F79EFBC}") = "uplink.NET.UnoHelpers.TestApp.UWP", "uplink.NET.UnoHelpers.TestApp\uplink.NET.UnoHelpers.TestApp.UWP\uplink.NET.UnoHelpers.TestApp.UWP.csproj", "{7E025DE9-8A4F-400A-A6B2-8CEA8D0B9D2A}"
EndProject
Project("{FAE04EC0-301F-11D3-BF4B-00C04F79EFBC}") = "uplink.NET.UnoHelpers.TestApp.macOS", "uplink.NET.UnoHelpers.TestApp\uplink.NET.UnoHelpers.TestApp.macOS\uplink.NET.UnoHelpers.TestApp.macOS.csproj", "{9EE2354A-B1CD-451E-9D04-AEF09F85F509}"
EndProject
Project("{9A19103F-16F7-4668-BE54-9A1E7A4F7556}") = "uplink.NET.UnoHelpers.Contracts", "uplink.NET.UnoHelpers.Contracts\uplink.NET.UnoHelpers.Contracts.csproj", "{7A9F88CC-AD06-4533-9D29-975EE9307007}"
EndProject
Project("{2150E333-8FDC-42A3-9474-1A3956D46DE8}") = "Files", "Files", "{C5715575-1BC8-476E-81F4-019D1182F86A}"
	ProjectSection(SolutionItems) = preProject
		ToDo.txt = ToDo.txt
	EndProjectSection
EndProject
Global
	GlobalSection(SharedMSBuildProjectFiles) = preSolution
		uplink.NET.UnoHelpers.TestApp\uplink.NET.UnoHelpers.TestApp.Shared\uplink.NET.UnoHelpers.TestApp.Shared.projitems*{6279c845-92f8-4333-ab99-3d213163593c}*SharedItemsImports = 13
		uplink.NET.UnoHelpers.TestApp\uplink.NET.UnoHelpers.TestApp.Shared\uplink.NET.UnoHelpers.TestApp.Shared.projitems*{7e025de9-8a4f-400a-a6b2-8cea8d0b9d2a}*SharedItemsImports = 4
		uplink.NET.UnoHelpers.TestApp\uplink.NET.UnoHelpers.TestApp.Shared\uplink.NET.UnoHelpers.TestApp.Shared.projitems*{9ee2354a-b1cd-451e-9d04-aef09f85f509}*SharedItemsImports = 4
		uplink.NET.UnoHelpers.TestApp\uplink.NET.UnoHelpers.TestApp.Shared\uplink.NET.UnoHelpers.TestApp.Shared.projitems*{f1b279b5-08f3-43bd-93df-812a8ec87b50}*SharedItemsImports = 4
		uplink.NET.UnoHelpers.TestApp\uplink.NET.UnoHelpers.TestApp.Shared\uplink.NET.UnoHelpers.TestApp.Shared.projitems*{f4936235-fe19-412f-a41f-3d229e5079d4}*SharedItemsImports = 4
	EndGlobalSection
	GlobalSection(SolutionConfigurationPlatforms) = preSolution
		Ad-Hoc|Any CPU = Ad-Hoc|Any CPU
		Ad-Hoc|ARM = Ad-Hoc|ARM
		Ad-Hoc|ARM64 = Ad-Hoc|ARM64
		Ad-Hoc|iPhone = Ad-Hoc|iPhone
		Ad-Hoc|iPhoneSimulator = Ad-Hoc|iPhoneSimulator
		Ad-Hoc|x64 = Ad-Hoc|x64
		Ad-Hoc|x86 = Ad-Hoc|x86
		AppStore|Any CPU = AppStore|Any CPU
		AppStore|ARM = AppStore|ARM
		AppStore|ARM64 = AppStore|ARM64
		AppStore|iPhone = AppStore|iPhone
		AppStore|iPhoneSimulator = AppStore|iPhoneSimulator
		AppStore|x64 = AppStore|x64
		AppStore|x86 = AppStore|x86
		Debug|Any CPU = Debug|Any CPU
		Debug|ARM = Debug|ARM
		Debug|ARM64 = Debug|ARM64
		Debug|iPhone = Debug|iPhone
		Debug|iPhoneSimulator = Debug|iPhoneSimulator
		Debug|x64 = Debug|x64
		Debug|x86 = Debug|x86
		Nuget|Any CPU = Nuget|Any CPU
		Nuget|ARM = Nuget|ARM
		Nuget|ARM64 = Nuget|ARM64
		Nuget|iPhone = Nuget|iPhone
		Nuget|iPhoneSimulator = Nuget|iPhoneSimulator
		Nuget|x64 = Nuget|x64
		Nuget|x86 = Nuget|x86
		Release|Any CPU = Release|Any CPU
		Release|ARM = Release|ARM
		Release|ARM64 = Release|ARM64
		Release|iPhone = Release|iPhone
		Release|iPhoneSimulator = Release|iPhoneSimulator
		Release|x64 = Release|x64
		Release|x86 = Release|x86
	EndGlobalSection
	GlobalSection(ProjectConfigurationPlatforms) = postSolution
		{7BE48FEC-C920-442E-AED1-5C41048B0A39}.Ad-Hoc|Any CPU.ActiveCfg = Debug|Any CPU
		{7BE48FEC-C920-442E-AED1-5C41048B0A39}.Ad-Hoc|Any CPU.Build.0 = Debug|Any CPU
		{7BE48FEC-C920-442E-AED1-5C41048B0A39}.Ad-Hoc|ARM.ActiveCfg = Debug|Any CPU
		{7BE48FEC-C920-442E-AED1-5C41048B0A39}.Ad-Hoc|ARM.Build.0 = Debug|Any CPU
		{7BE48FEC-C920-442E-AED1-5C41048B0A39}.Ad-Hoc|ARM64.ActiveCfg = Debug|Any CPU
		{7BE48FEC-C920-442E-AED1-5C41048B0A39}.Ad-Hoc|ARM64.Build.0 = Debug|Any CPU
		{7BE48FEC-C920-442E-AED1-5C41048B0A39}.Ad-Hoc|iPhone.ActiveCfg = Debug|Any CPU
		{7BE48FEC-C920-442E-AED1-5C41048B0A39}.Ad-Hoc|iPhone.Build.0 = Debug|Any CPU
		{7BE48FEC-C920-442E-AED1-5C41048B0A39}.Ad-Hoc|iPhoneSimulator.ActiveCfg = Debug|Any CPU
		{7BE48FEC-C920-442E-AED1-5C41048B0A39}.Ad-Hoc|iPhoneSimulator.Build.0 = Debug|Any CPU
		{7BE48FEC-C920-442E-AED1-5C41048B0A39}.Ad-Hoc|x64.ActiveCfg = Debug|Any CPU
		{7BE48FEC-C920-442E-AED1-5C41048B0A39}.Ad-Hoc|x64.Build.0 = Debug|Any CPU
		{7BE48FEC-C920-442E-AED1-5C41048B0A39}.Ad-Hoc|x86.ActiveCfg = Debug|Any CPU
		{7BE48FEC-C920-442E-AED1-5C41048B0A39}.Ad-Hoc|x86.Build.0 = Debug|Any CPU
		{7BE48FEC-C920-442E-AED1-5C41048B0A39}.AppStore|Any CPU.ActiveCfg = Debug|Any CPU
		{7BE48FEC-C920-442E-AED1-5C41048B0A39}.AppStore|Any CPU.Build.0 = Debug|Any CPU
		{7BE48FEC-C920-442E-AED1-5C41048B0A39}.AppStore|ARM.ActiveCfg = Debug|Any CPU
		{7BE48FEC-C920-442E-AED1-5C41048B0A39}.AppStore|ARM.Build.0 = Debug|Any CPU
		{7BE48FEC-C920-442E-AED1-5C41048B0A39}.AppStore|ARM64.ActiveCfg = Debug|Any CPU
		{7BE48FEC-C920-442E-AED1-5C41048B0A39}.AppStore|ARM64.Build.0 = Debug|Any CPU
		{7BE48FEC-C920-442E-AED1-5C41048B0A39}.AppStore|iPhone.ActiveCfg = Debug|Any CPU
		{7BE48FEC-C920-442E-AED1-5C41048B0A39}.AppStore|iPhone.Build.0 = Debug|Any CPU
		{7BE48FEC-C920-442E-AED1-5C41048B0A39}.AppStore|iPhoneSimulator.ActiveCfg = Debug|Any CPU
		{7BE48FEC-C920-442E-AED1-5C41048B0A39}.AppStore|iPhoneSimulator.Build.0 = Debug|Any CPU
		{7BE48FEC-C920-442E-AED1-5C41048B0A39}.AppStore|x64.ActiveCfg = Debug|Any CPU
		{7BE48FEC-C920-442E-AED1-5C41048B0A39}.AppStore|x64.Build.0 = Debug|Any CPU
		{7BE48FEC-C920-442E-AED1-5C41048B0A39}.AppStore|x86.ActiveCfg = Debug|Any CPU
		{7BE48FEC-C920-442E-AED1-5C41048B0A39}.AppStore|x86.Build.0 = Debug|Any CPU
		{7BE48FEC-C920-442E-AED1-5C41048B0A39}.Debug|Any CPU.ActiveCfg = Debug|Any CPU
		{7BE48FEC-C920-442E-AED1-5C41048B0A39}.Debug|Any CPU.Build.0 = Debug|Any CPU
		{7BE48FEC-C920-442E-AED1-5C41048B0A39}.Debug|ARM.ActiveCfg = Debug|Any CPU
		{7BE48FEC-C920-442E-AED1-5C41048B0A39}.Debug|ARM.Build.0 = Debug|Any CPU
		{7BE48FEC-C920-442E-AED1-5C41048B0A39}.Debug|ARM64.ActiveCfg = Debug|Any CPU
		{7BE48FEC-C920-442E-AED1-5C41048B0A39}.Debug|ARM64.Build.0 = Debug|Any CPU
		{7BE48FEC-C920-442E-AED1-5C41048B0A39}.Debug|iPhone.ActiveCfg = Debug|Any CPU
		{7BE48FEC-C920-442E-AED1-5C41048B0A39}.Debug|iPhone.Build.0 = Debug|Any CPU
		{7BE48FEC-C920-442E-AED1-5C41048B0A39}.Debug|iPhoneSimulator.ActiveCfg = Debug|Any CPU
		{7BE48FEC-C920-442E-AED1-5C41048B0A39}.Debug|iPhoneSimulator.Build.0 = Debug|Any CPU
		{7BE48FEC-C920-442E-AED1-5C41048B0A39}.Debug|x64.ActiveCfg = Debug|Any CPU
		{7BE48FEC-C920-442E-AED1-5C41048B0A39}.Debug|x64.Build.0 = Debug|Any CPU
		{7BE48FEC-C920-442E-AED1-5C41048B0A39}.Debug|x86.ActiveCfg = Debug|Any CPU
		{7BE48FEC-C920-442E-AED1-5C41048B0A39}.Debug|x86.Build.0 = Debug|Any CPU
		{7BE48FEC-C920-442E-AED1-5C41048B0A39}.Nuget|Any CPU.ActiveCfg = Nuget|Any CPU
		{7BE48FEC-C920-442E-AED1-5C41048B0A39}.Nuget|Any CPU.Build.0 = Nuget|Any CPU
		{7BE48FEC-C920-442E-AED1-5C41048B0A39}.Nuget|ARM.ActiveCfg = Nuget|Any CPU
		{7BE48FEC-C920-442E-AED1-5C41048B0A39}.Nuget|ARM.Build.0 = Nuget|Any CPU
		{7BE48FEC-C920-442E-AED1-5C41048B0A39}.Nuget|ARM64.ActiveCfg = Nuget|Any CPU
		{7BE48FEC-C920-442E-AED1-5C41048B0A39}.Nuget|ARM64.Build.0 = Nuget|Any CPU
		{7BE48FEC-C920-442E-AED1-5C41048B0A39}.Nuget|iPhone.ActiveCfg = Nuget|Any CPU
		{7BE48FEC-C920-442E-AED1-5C41048B0A39}.Nuget|iPhone.Build.0 = Nuget|Any CPU
		{7BE48FEC-C920-442E-AED1-5C41048B0A39}.Nuget|iPhoneSimulator.ActiveCfg = Nuget|Any CPU
		{7BE48FEC-C920-442E-AED1-5C41048B0A39}.Nuget|iPhoneSimulator.Build.0 = Nuget|Any CPU
		{7BE48FEC-C920-442E-AED1-5C41048B0A39}.Nuget|x64.ActiveCfg = Nuget|Any CPU
		{7BE48FEC-C920-442E-AED1-5C41048B0A39}.Nuget|x64.Build.0 = Nuget|Any CPU
		{7BE48FEC-C920-442E-AED1-5C41048B0A39}.Nuget|x86.ActiveCfg = Nuget|Any CPU
		{7BE48FEC-C920-442E-AED1-5C41048B0A39}.Nuget|x86.Build.0 = Nuget|Any CPU
		{7BE48FEC-C920-442E-AED1-5C41048B0A39}.Release|Any CPU.ActiveCfg = Release|Any CPU
		{7BE48FEC-C920-442E-AED1-5C41048B0A39}.Release|Any CPU.Build.0 = Release|Any CPU
		{7BE48FEC-C920-442E-AED1-5C41048B0A39}.Release|ARM.ActiveCfg = Release|Any CPU
		{7BE48FEC-C920-442E-AED1-5C41048B0A39}.Release|ARM.Build.0 = Release|Any CPU
		{7BE48FEC-C920-442E-AED1-5C41048B0A39}.Release|ARM64.ActiveCfg = Release|Any CPU
		{7BE48FEC-C920-442E-AED1-5C41048B0A39}.Release|ARM64.Build.0 = Release|Any CPU
		{7BE48FEC-C920-442E-AED1-5C41048B0A39}.Release|iPhone.ActiveCfg = Release|Any CPU
		{7BE48FEC-C920-442E-AED1-5C41048B0A39}.Release|iPhone.Build.0 = Release|Any CPU
		{7BE48FEC-C920-442E-AED1-5C41048B0A39}.Release|iPhoneSimulator.ActiveCfg = Release|Any CPU
		{7BE48FEC-C920-442E-AED1-5C41048B0A39}.Release|iPhoneSimulator.Build.0 = Release|Any CPU
		{7BE48FEC-C920-442E-AED1-5C41048B0A39}.Release|x64.ActiveCfg = Release|Any CPU
		{7BE48FEC-C920-442E-AED1-5C41048B0A39}.Release|x64.Build.0 = Release|Any CPU
		{7BE48FEC-C920-442E-AED1-5C41048B0A39}.Release|x86.ActiveCfg = Release|Any CPU
		{7BE48FEC-C920-442E-AED1-5C41048B0A39}.Release|x86.Build.0 = Release|Any CPU
		{F4936235-FE19-412F-A41F-3D229E5079D4}.Ad-Hoc|Any CPU.ActiveCfg = Debug|Any CPU
		{F4936235-FE19-412F-A41F-3D229E5079D4}.Ad-Hoc|Any CPU.Build.0 = Debug|Any CPU
		{F4936235-FE19-412F-A41F-3D229E5079D4}.Ad-Hoc|Any CPU.Deploy.0 = Debug|Any CPU
		{F4936235-FE19-412F-A41F-3D229E5079D4}.Ad-Hoc|ARM.ActiveCfg = Debug|Any CPU
		{F4936235-FE19-412F-A41F-3D229E5079D4}.Ad-Hoc|ARM.Build.0 = Debug|Any CPU
		{F4936235-FE19-412F-A41F-3D229E5079D4}.Ad-Hoc|ARM.Deploy.0 = Debug|Any CPU
		{F4936235-FE19-412F-A41F-3D229E5079D4}.Ad-Hoc|ARM64.ActiveCfg = Debug|Any CPU
		{F4936235-FE19-412F-A41F-3D229E5079D4}.Ad-Hoc|ARM64.Build.0 = Debug|Any CPU
		{F4936235-FE19-412F-A41F-3D229E5079D4}.Ad-Hoc|ARM64.Deploy.0 = Debug|Any CPU
		{F4936235-FE19-412F-A41F-3D229E5079D4}.Ad-Hoc|iPhone.ActiveCfg = Debug|Any CPU
		{F4936235-FE19-412F-A41F-3D229E5079D4}.Ad-Hoc|iPhone.Build.0 = Debug|Any CPU
		{F4936235-FE19-412F-A41F-3D229E5079D4}.Ad-Hoc|iPhone.Deploy.0 = Debug|Any CPU
		{F4936235-FE19-412F-A41F-3D229E5079D4}.Ad-Hoc|iPhoneSimulator.ActiveCfg = Debug|Any CPU
		{F4936235-FE19-412F-A41F-3D229E5079D4}.Ad-Hoc|iPhoneSimulator.Build.0 = Debug|Any CPU
		{F4936235-FE19-412F-A41F-3D229E5079D4}.Ad-Hoc|iPhoneSimulator.Deploy.0 = Debug|Any CPU
		{F4936235-FE19-412F-A41F-3D229E5079D4}.Ad-Hoc|x64.ActiveCfg = Debug|Any CPU
		{F4936235-FE19-412F-A41F-3D229E5079D4}.Ad-Hoc|x64.Build.0 = Debug|Any CPU
		{F4936235-FE19-412F-A41F-3D229E5079D4}.Ad-Hoc|x64.Deploy.0 = Debug|Any CPU
		{F4936235-FE19-412F-A41F-3D229E5079D4}.Ad-Hoc|x86.ActiveCfg = Debug|Any CPU
		{F4936235-FE19-412F-A41F-3D229E5079D4}.Ad-Hoc|x86.Build.0 = Debug|Any CPU
		{F4936235-FE19-412F-A41F-3D229E5079D4}.Ad-Hoc|x86.Deploy.0 = Debug|Any CPU
		{F4936235-FE19-412F-A41F-3D229E5079D4}.AppStore|Any CPU.ActiveCfg = Debug|Any CPU
		{F4936235-FE19-412F-A41F-3D229E5079D4}.AppStore|Any CPU.Build.0 = Debug|Any CPU
		{F4936235-FE19-412F-A41F-3D229E5079D4}.AppStore|Any CPU.Deploy.0 = Debug|Any CPU
		{F4936235-FE19-412F-A41F-3D229E5079D4}.AppStore|ARM.ActiveCfg = Debug|Any CPU
		{F4936235-FE19-412F-A41F-3D229E5079D4}.AppStore|ARM.Build.0 = Debug|Any CPU
		{F4936235-FE19-412F-A41F-3D229E5079D4}.AppStore|ARM.Deploy.0 = Debug|Any CPU
		{F4936235-FE19-412F-A41F-3D229E5079D4}.AppStore|ARM64.ActiveCfg = Debug|Any CPU
		{F4936235-FE19-412F-A41F-3D229E5079D4}.AppStore|ARM64.Build.0 = Debug|Any CPU
		{F4936235-FE19-412F-A41F-3D229E5079D4}.AppStore|ARM64.Deploy.0 = Debug|Any CPU
		{F4936235-FE19-412F-A41F-3D229E5079D4}.AppStore|iPhone.ActiveCfg = Debug|Any CPU
		{F4936235-FE19-412F-A41F-3D229E5079D4}.AppStore|iPhone.Build.0 = Debug|Any CPU
		{F4936235-FE19-412F-A41F-3D229E5079D4}.AppStore|iPhone.Deploy.0 = Debug|Any CPU
		{F4936235-FE19-412F-A41F-3D229E5079D4}.AppStore|iPhoneSimulator.ActiveCfg = Debug|Any CPU
		{F4936235-FE19-412F-A41F-3D229E5079D4}.AppStore|iPhoneSimulator.Build.0 = Debug|Any CPU
		{F4936235-FE19-412F-A41F-3D229E5079D4}.AppStore|iPhoneSimulator.Deploy.0 = Debug|Any CPU
		{F4936235-FE19-412F-A41F-3D229E5079D4}.AppStore|x64.ActiveCfg = Debug|Any CPU
		{F4936235-FE19-412F-A41F-3D229E5079D4}.AppStore|x64.Build.0 = Debug|Any CPU
		{F4936235-FE19-412F-A41F-3D229E5079D4}.AppStore|x64.Deploy.0 = Debug|Any CPU
		{F4936235-FE19-412F-A41F-3D229E5079D4}.AppStore|x86.ActiveCfg = Debug|Any CPU
		{F4936235-FE19-412F-A41F-3D229E5079D4}.AppStore|x86.Build.0 = Debug|Any CPU
		{F4936235-FE19-412F-A41F-3D229E5079D4}.AppStore|x86.Deploy.0 = Debug|Any CPU
		{F4936235-FE19-412F-A41F-3D229E5079D4}.Debug|Any CPU.ActiveCfg = Debug|Any CPU
		{F4936235-FE19-412F-A41F-3D229E5079D4}.Debug|Any CPU.Build.0 = Debug|Any CPU
		{F4936235-FE19-412F-A41F-3D229E5079D4}.Debug|Any CPU.Deploy.0 = Debug|Any CPU
		{F4936235-FE19-412F-A41F-3D229E5079D4}.Debug|ARM.ActiveCfg = Debug|Any CPU
		{F4936235-FE19-412F-A41F-3D229E5079D4}.Debug|ARM.Build.0 = Debug|Any CPU
		{F4936235-FE19-412F-A41F-3D229E5079D4}.Debug|ARM.Deploy.0 = Debug|Any CPU
		{F4936235-FE19-412F-A41F-3D229E5079D4}.Debug|ARM64.ActiveCfg = Debug|Any CPU
		{F4936235-FE19-412F-A41F-3D229E5079D4}.Debug|ARM64.Build.0 = Debug|Any CPU
		{F4936235-FE19-412F-A41F-3D229E5079D4}.Debug|ARM64.Deploy.0 = Debug|Any CPU
		{F4936235-FE19-412F-A41F-3D229E5079D4}.Debug|iPhone.ActiveCfg = Debug|Any CPU
		{F4936235-FE19-412F-A41F-3D229E5079D4}.Debug|iPhone.Build.0 = Debug|Any CPU
		{F4936235-FE19-412F-A41F-3D229E5079D4}.Debug|iPhone.Deploy.0 = Debug|Any CPU
		{F4936235-FE19-412F-A41F-3D229E5079D4}.Debug|iPhoneSimulator.ActiveCfg = Debug|Any CPU
		{F4936235-FE19-412F-A41F-3D229E5079D4}.Debug|iPhoneSimulator.Build.0 = Debug|Any CPU
		{F4936235-FE19-412F-A41F-3D229E5079D4}.Debug|iPhoneSimulator.Deploy.0 = Debug|Any CPU
		{F4936235-FE19-412F-A41F-3D229E5079D4}.Debug|x64.ActiveCfg = Debug|Any CPU
		{F4936235-FE19-412F-A41F-3D229E5079D4}.Debug|x64.Build.0 = Debug|Any CPU
		{F4936235-FE19-412F-A41F-3D229E5079D4}.Debug|x64.Deploy.0 = Debug|Any CPU
		{F4936235-FE19-412F-A41F-3D229E5079D4}.Debug|x86.ActiveCfg = Debug|Any CPU
		{F4936235-FE19-412F-A41F-3D229E5079D4}.Nuget|Any CPU.ActiveCfg = Nuget|Any CPU
		{F4936235-FE19-412F-A41F-3D229E5079D4}.Nuget|ARM.ActiveCfg = Nuget|Any CPU
		{F4936235-FE19-412F-A41F-3D229E5079D4}.Nuget|ARM.Build.0 = Nuget|Any CPU
		{F4936235-FE19-412F-A41F-3D229E5079D4}.Nuget|ARM.Deploy.0 = Nuget|Any CPU
		{F4936235-FE19-412F-A41F-3D229E5079D4}.Nuget|ARM64.ActiveCfg = Nuget|Any CPU
		{F4936235-FE19-412F-A41F-3D229E5079D4}.Nuget|ARM64.Build.0 = Nuget|Any CPU
		{F4936235-FE19-412F-A41F-3D229E5079D4}.Nuget|ARM64.Deploy.0 = Nuget|Any CPU
		{F4936235-FE19-412F-A41F-3D229E5079D4}.Nuget|iPhone.ActiveCfg = Nuget|Any CPU
		{F4936235-FE19-412F-A41F-3D229E5079D4}.Nuget|iPhone.Build.0 = Nuget|Any CPU
		{F4936235-FE19-412F-A41F-3D229E5079D4}.Nuget|iPhone.Deploy.0 = Nuget|Any CPU
		{F4936235-FE19-412F-A41F-3D229E5079D4}.Nuget|iPhoneSimulator.ActiveCfg = Nuget|Any CPU
		{F4936235-FE19-412F-A41F-3D229E5079D4}.Nuget|iPhoneSimulator.Build.0 = Nuget|Any CPU
		{F4936235-FE19-412F-A41F-3D229E5079D4}.Nuget|iPhoneSimulator.Deploy.0 = Nuget|Any CPU
		{F4936235-FE19-412F-A41F-3D229E5079D4}.Nuget|x64.ActiveCfg = Nuget|Any CPU
		{F4936235-FE19-412F-A41F-3D229E5079D4}.Nuget|x64.Build.0 = Nuget|Any CPU
		{F4936235-FE19-412F-A41F-3D229E5079D4}.Nuget|x64.Deploy.0 = Nuget|Any CPU
		{F4936235-FE19-412F-A41F-3D229E5079D4}.Nuget|x86.ActiveCfg = Nuget|Any CPU
		{F4936235-FE19-412F-A41F-3D229E5079D4}.Nuget|x86.Build.0 = Nuget|Any CPU
		{F4936235-FE19-412F-A41F-3D229E5079D4}.Nuget|x86.Deploy.0 = Nuget|Any CPU
		{F4936235-FE19-412F-A41F-3D229E5079D4}.Release|Any CPU.ActiveCfg = Release|Any CPU
		{F4936235-FE19-412F-A41F-3D229E5079D4}.Release|Any CPU.Build.0 = Release|Any CPU
		{F4936235-FE19-412F-A41F-3D229E5079D4}.Release|Any CPU.Deploy.0 = Release|Any CPU
		{F4936235-FE19-412F-A41F-3D229E5079D4}.Release|ARM.ActiveCfg = Release|Any CPU
		{F4936235-FE19-412F-A41F-3D229E5079D4}.Release|ARM.Build.0 = Release|Any CPU
		{F4936235-FE19-412F-A41F-3D229E5079D4}.Release|ARM.Deploy.0 = Release|Any CPU
		{F4936235-FE19-412F-A41F-3D229E5079D4}.Release|ARM64.ActiveCfg = Release|Any CPU
		{F4936235-FE19-412F-A41F-3D229E5079D4}.Release|ARM64.Build.0 = Release|Any CPU
		{F4936235-FE19-412F-A41F-3D229E5079D4}.Release|ARM64.Deploy.0 = Release|Any CPU
		{F4936235-FE19-412F-A41F-3D229E5079D4}.Release|iPhone.ActiveCfg = Release|Any CPU
		{F4936235-FE19-412F-A41F-3D229E5079D4}.Release|iPhone.Build.0 = Release|Any CPU
		{F4936235-FE19-412F-A41F-3D229E5079D4}.Release|iPhone.Deploy.0 = Release|Any CPU
		{F4936235-FE19-412F-A41F-3D229E5079D4}.Release|iPhoneSimulator.ActiveCfg = Release|Any CPU
		{F4936235-FE19-412F-A41F-3D229E5079D4}.Release|iPhoneSimulator.Build.0 = Release|Any CPU
		{F4936235-FE19-412F-A41F-3D229E5079D4}.Release|iPhoneSimulator.Deploy.0 = Release|Any CPU
		{F4936235-FE19-412F-A41F-3D229E5079D4}.Release|x64.ActiveCfg = Release|Any CPU
		{F4936235-FE19-412F-A41F-3D229E5079D4}.Release|x64.Build.0 = Release|Any CPU
		{F4936235-FE19-412F-A41F-3D229E5079D4}.Release|x64.Deploy.0 = Release|Any CPU
		{F4936235-FE19-412F-A41F-3D229E5079D4}.Release|x86.ActiveCfg = Release|Any CPU
		{F4936235-FE19-412F-A41F-3D229E5079D4}.Release|x86.Build.0 = Release|Any CPU
		{F4936235-FE19-412F-A41F-3D229E5079D4}.Release|x86.Deploy.0 = Release|Any CPU
		{F1B279B5-08F3-43BD-93DF-812A8EC87B50}.Ad-Hoc|Any CPU.ActiveCfg = Ad-Hoc|iPhoneSimulator
		{F1B279B5-08F3-43BD-93DF-812A8EC87B50}.Ad-Hoc|ARM.ActiveCfg = Ad-Hoc|iPhoneSimulator
		{F1B279B5-08F3-43BD-93DF-812A8EC87B50}.Ad-Hoc|ARM64.ActiveCfg = Ad-Hoc|iPhoneSimulator
		{F1B279B5-08F3-43BD-93DF-812A8EC87B50}.Ad-Hoc|iPhone.ActiveCfg = Ad-Hoc|iPhone
		{F1B279B5-08F3-43BD-93DF-812A8EC87B50}.Ad-Hoc|iPhone.Build.0 = Ad-Hoc|iPhone
		{F1B279B5-08F3-43BD-93DF-812A8EC87B50}.Ad-Hoc|iPhoneSimulator.ActiveCfg = Ad-Hoc|iPhoneSimulator
		{F1B279B5-08F3-43BD-93DF-812A8EC87B50}.Ad-Hoc|iPhoneSimulator.Build.0 = Ad-Hoc|iPhoneSimulator
		{F1B279B5-08F3-43BD-93DF-812A8EC87B50}.Ad-Hoc|x64.ActiveCfg = Ad-Hoc|iPhoneSimulator
		{F1B279B5-08F3-43BD-93DF-812A8EC87B50}.Ad-Hoc|x86.ActiveCfg = Ad-Hoc|iPhoneSimulator
		{F1B279B5-08F3-43BD-93DF-812A8EC87B50}.AppStore|Any CPU.ActiveCfg = AppStore|iPhoneSimulator
		{F1B279B5-08F3-43BD-93DF-812A8EC87B50}.AppStore|ARM.ActiveCfg = AppStore|iPhoneSimulator
		{F1B279B5-08F3-43BD-93DF-812A8EC87B50}.AppStore|ARM64.ActiveCfg = AppStore|iPhoneSimulator
		{F1B279B5-08F3-43BD-93DF-812A8EC87B50}.AppStore|iPhone.ActiveCfg = AppStore|iPhone
		{F1B279B5-08F3-43BD-93DF-812A8EC87B50}.AppStore|iPhone.Build.0 = AppStore|iPhone
		{F1B279B5-08F3-43BD-93DF-812A8EC87B50}.AppStore|iPhoneSimulator.ActiveCfg = AppStore|iPhoneSimulator
		{F1B279B5-08F3-43BD-93DF-812A8EC87B50}.AppStore|iPhoneSimulator.Build.0 = AppStore|iPhoneSimulator
		{F1B279B5-08F3-43BD-93DF-812A8EC87B50}.AppStore|x64.ActiveCfg = AppStore|iPhoneSimulator
		{F1B279B5-08F3-43BD-93DF-812A8EC87B50}.AppStore|x86.ActiveCfg = AppStore|iPhoneSimulator
		{F1B279B5-08F3-43BD-93DF-812A8EC87B50}.Debug|Any CPU.ActiveCfg = Debug|iPhoneSimulator
		{F1B279B5-08F3-43BD-93DF-812A8EC87B50}.Debug|ARM.ActiveCfg = Debug|iPhoneSimulator
		{F1B279B5-08F3-43BD-93DF-812A8EC87B50}.Debug|ARM64.ActiveCfg = Debug|iPhoneSimulator
		{F1B279B5-08F3-43BD-93DF-812A8EC87B50}.Debug|iPhone.ActiveCfg = Debug|iPhone
		{F1B279B5-08F3-43BD-93DF-812A8EC87B50}.Debug|iPhone.Build.0 = Debug|iPhone
		{F1B279B5-08F3-43BD-93DF-812A8EC87B50}.Debug|iPhoneSimulator.ActiveCfg = Debug|iPhoneSimulator
		{F1B279B5-08F3-43BD-93DF-812A8EC87B50}.Debug|iPhoneSimulator.Build.0 = Debug|iPhoneSimulator
		{F1B279B5-08F3-43BD-93DF-812A8EC87B50}.Debug|x64.ActiveCfg = Debug|iPhoneSimulator
		{F1B279B5-08F3-43BD-93DF-812A8EC87B50}.Debug|x86.ActiveCfg = Debug|iPhoneSimulator
		{F1B279B5-08F3-43BD-93DF-812A8EC87B50}.Nuget|Any CPU.ActiveCfg = Nuget|iPhoneSimulator
		{F1B279B5-08F3-43BD-93DF-812A8EC87B50}.Nuget|ARM.ActiveCfg = Nuget|iPhoneSimulator
		{F1B279B5-08F3-43BD-93DF-812A8EC87B50}.Nuget|ARM64.ActiveCfg = Nuget|iPhoneSimulator
		{F1B279B5-08F3-43BD-93DF-812A8EC87B50}.Nuget|iPhone.ActiveCfg = Nuget|iPhone
		{F1B279B5-08F3-43BD-93DF-812A8EC87B50}.Nuget|iPhoneSimulator.ActiveCfg = Nuget|iPhoneSimulator
		{F1B279B5-08F3-43BD-93DF-812A8EC87B50}.Nuget|x64.ActiveCfg = Nuget|iPhoneSimulator
		{F1B279B5-08F3-43BD-93DF-812A8EC87B50}.Nuget|x86.ActiveCfg = Nuget|iPhoneSimulator
		{F1B279B5-08F3-43BD-93DF-812A8EC87B50}.Release|Any CPU.ActiveCfg = Release|iPhoneSimulator
		{F1B279B5-08F3-43BD-93DF-812A8EC87B50}.Release|ARM.ActiveCfg = Release|iPhoneSimulator
		{F1B279B5-08F3-43BD-93DF-812A8EC87B50}.Release|ARM64.ActiveCfg = Release|iPhoneSimulator
		{F1B279B5-08F3-43BD-93DF-812A8EC87B50}.Release|iPhone.ActiveCfg = Release|iPhone
		{F1B279B5-08F3-43BD-93DF-812A8EC87B50}.Release|iPhone.Build.0 = Release|iPhone
		{F1B279B5-08F3-43BD-93DF-812A8EC87B50}.Release|iPhoneSimulator.ActiveCfg = Release|iPhoneSimulator
		{F1B279B5-08F3-43BD-93DF-812A8EC87B50}.Release|iPhoneSimulator.Build.0 = Release|iPhoneSimulator
		{F1B279B5-08F3-43BD-93DF-812A8EC87B50}.Release|x64.ActiveCfg = Release|iPhoneSimulator
		{F1B279B5-08F3-43BD-93DF-812A8EC87B50}.Release|x86.ActiveCfg = Release|iPhoneSimulator
		{7E025DE9-8A4F-400A-A6B2-8CEA8D0B9D2A}.Ad-Hoc|Any CPU.ActiveCfg = Debug|x86
		{7E025DE9-8A4F-400A-A6B2-8CEA8D0B9D2A}.Ad-Hoc|Any CPU.Build.0 = Debug|x86
		{7E025DE9-8A4F-400A-A6B2-8CEA8D0B9D2A}.Ad-Hoc|Any CPU.Deploy.0 = Debug|x86
		{7E025DE9-8A4F-400A-A6B2-8CEA8D0B9D2A}.Ad-Hoc|ARM.ActiveCfg = Debug|ARM
		{7E025DE9-8A4F-400A-A6B2-8CEA8D0B9D2A}.Ad-Hoc|ARM.Build.0 = Debug|ARM
		{7E025DE9-8A4F-400A-A6B2-8CEA8D0B9D2A}.Ad-Hoc|ARM.Deploy.0 = Debug|ARM
		{7E025DE9-8A4F-400A-A6B2-8CEA8D0B9D2A}.Ad-Hoc|ARM64.ActiveCfg = Debug|ARM64
		{7E025DE9-8A4F-400A-A6B2-8CEA8D0B9D2A}.Ad-Hoc|ARM64.Build.0 = Debug|ARM64
		{7E025DE9-8A4F-400A-A6B2-8CEA8D0B9D2A}.Ad-Hoc|ARM64.Deploy.0 = Debug|ARM64
		{7E025DE9-8A4F-400A-A6B2-8CEA8D0B9D2A}.Ad-Hoc|iPhone.ActiveCfg = Debug|x86
		{7E025DE9-8A4F-400A-A6B2-8CEA8D0B9D2A}.Ad-Hoc|iPhone.Build.0 = Debug|x86
		{7E025DE9-8A4F-400A-A6B2-8CEA8D0B9D2A}.Ad-Hoc|iPhone.Deploy.0 = Debug|x86
		{7E025DE9-8A4F-400A-A6B2-8CEA8D0B9D2A}.Ad-Hoc|iPhoneSimulator.ActiveCfg = Debug|x86
		{7E025DE9-8A4F-400A-A6B2-8CEA8D0B9D2A}.Ad-Hoc|iPhoneSimulator.Build.0 = Debug|x86
		{7E025DE9-8A4F-400A-A6B2-8CEA8D0B9D2A}.Ad-Hoc|iPhoneSimulator.Deploy.0 = Debug|x86
		{7E025DE9-8A4F-400A-A6B2-8CEA8D0B9D2A}.Ad-Hoc|x64.ActiveCfg = Debug|x64
		{7E025DE9-8A4F-400A-A6B2-8CEA8D0B9D2A}.Ad-Hoc|x64.Build.0 = Debug|x64
		{7E025DE9-8A4F-400A-A6B2-8CEA8D0B9D2A}.Ad-Hoc|x64.Deploy.0 = Debug|x64
		{7E025DE9-8A4F-400A-A6B2-8CEA8D0B9D2A}.Ad-Hoc|x86.ActiveCfg = Debug|x86
		{7E025DE9-8A4F-400A-A6B2-8CEA8D0B9D2A}.Ad-Hoc|x86.Build.0 = Debug|x86
		{7E025DE9-8A4F-400A-A6B2-8CEA8D0B9D2A}.Ad-Hoc|x86.Deploy.0 = Debug|x86
		{7E025DE9-8A4F-400A-A6B2-8CEA8D0B9D2A}.AppStore|Any CPU.ActiveCfg = Debug|x86
		{7E025DE9-8A4F-400A-A6B2-8CEA8D0B9D2A}.AppStore|Any CPU.Build.0 = Debug|x86
		{7E025DE9-8A4F-400A-A6B2-8CEA8D0B9D2A}.AppStore|Any CPU.Deploy.0 = Debug|x86
		{7E025DE9-8A4F-400A-A6B2-8CEA8D0B9D2A}.AppStore|ARM.ActiveCfg = Debug|ARM
		{7E025DE9-8A4F-400A-A6B2-8CEA8D0B9D2A}.AppStore|ARM.Build.0 = Debug|ARM
		{7E025DE9-8A4F-400A-A6B2-8CEA8D0B9D2A}.AppStore|ARM.Deploy.0 = Debug|ARM
		{7E025DE9-8A4F-400A-A6B2-8CEA8D0B9D2A}.AppStore|ARM64.ActiveCfg = Debug|ARM64
		{7E025DE9-8A4F-400A-A6B2-8CEA8D0B9D2A}.AppStore|ARM64.Build.0 = Debug|ARM64
		{7E025DE9-8A4F-400A-A6B2-8CEA8D0B9D2A}.AppStore|ARM64.Deploy.0 = Debug|ARM64
		{7E025DE9-8A4F-400A-A6B2-8CEA8D0B9D2A}.AppStore|iPhone.ActiveCfg = Debug|x86
		{7E025DE9-8A4F-400A-A6B2-8CEA8D0B9D2A}.AppStore|iPhone.Build.0 = Debug|x86
		{7E025DE9-8A4F-400A-A6B2-8CEA8D0B9D2A}.AppStore|iPhone.Deploy.0 = Debug|x86
		{7E025DE9-8A4F-400A-A6B2-8CEA8D0B9D2A}.AppStore|iPhoneSimulator.ActiveCfg = Debug|x86
		{7E025DE9-8A4F-400A-A6B2-8CEA8D0B9D2A}.AppStore|iPhoneSimulator.Build.0 = Debug|x86
		{7E025DE9-8A4F-400A-A6B2-8CEA8D0B9D2A}.AppStore|iPhoneSimulator.Deploy.0 = Debug|x86
		{7E025DE9-8A4F-400A-A6B2-8CEA8D0B9D2A}.AppStore|x64.ActiveCfg = Debug|x64
		{7E025DE9-8A4F-400A-A6B2-8CEA8D0B9D2A}.AppStore|x64.Build.0 = Debug|x64
		{7E025DE9-8A4F-400A-A6B2-8CEA8D0B9D2A}.AppStore|x64.Deploy.0 = Debug|x64
		{7E025DE9-8A4F-400A-A6B2-8CEA8D0B9D2A}.AppStore|x86.ActiveCfg = Debug|x86
		{7E025DE9-8A4F-400A-A6B2-8CEA8D0B9D2A}.AppStore|x86.Build.0 = Debug|x86
		{7E025DE9-8A4F-400A-A6B2-8CEA8D0B9D2A}.AppStore|x86.Deploy.0 = Debug|x86
		{7E025DE9-8A4F-400A-A6B2-8CEA8D0B9D2A}.Debug|Any CPU.ActiveCfg = Debug|x86
		{7E025DE9-8A4F-400A-A6B2-8CEA8D0B9D2A}.Debug|Any CPU.Build.0 = Debug|x86
		{7E025DE9-8A4F-400A-A6B2-8CEA8D0B9D2A}.Debug|Any CPU.Deploy.0 = Debug|x86
		{7E025DE9-8A4F-400A-A6B2-8CEA8D0B9D2A}.Debug|ARM.ActiveCfg = Debug|ARM
		{7E025DE9-8A4F-400A-A6B2-8CEA8D0B9D2A}.Debug|ARM.Build.0 = Debug|ARM
		{7E025DE9-8A4F-400A-A6B2-8CEA8D0B9D2A}.Debug|ARM.Deploy.0 = Debug|ARM
		{7E025DE9-8A4F-400A-A6B2-8CEA8D0B9D2A}.Debug|ARM64.ActiveCfg = Debug|ARM64
		{7E025DE9-8A4F-400A-A6B2-8CEA8D0B9D2A}.Debug|ARM64.Build.0 = Debug|ARM64
		{7E025DE9-8A4F-400A-A6B2-8CEA8D0B9D2A}.Debug|ARM64.Deploy.0 = Debug|ARM64
		{7E025DE9-8A4F-400A-A6B2-8CEA8D0B9D2A}.Debug|iPhone.ActiveCfg = Debug|x86
		{7E025DE9-8A4F-400A-A6B2-8CEA8D0B9D2A}.Debug|iPhoneSimulator.ActiveCfg = Debug|x86
		{7E025DE9-8A4F-400A-A6B2-8CEA8D0B9D2A}.Debug|x64.ActiveCfg = Debug|x64
		{7E025DE9-8A4F-400A-A6B2-8CEA8D0B9D2A}.Debug|x64.Build.0 = Debug|x64
		{7E025DE9-8A4F-400A-A6B2-8CEA8D0B9D2A}.Debug|x64.Deploy.0 = Debug|x64
		{7E025DE9-8A4F-400A-A6B2-8CEA8D0B9D2A}.Debug|x86.ActiveCfg = Debug|x86
		{7E025DE9-8A4F-400A-A6B2-8CEA8D0B9D2A}.Debug|x86.Build.0 = Debug|x86
		{7E025DE9-8A4F-400A-A6B2-8CEA8D0B9D2A}.Debug|x86.Deploy.0 = Debug|x86
		{7E025DE9-8A4F-400A-A6B2-8CEA8D0B9D2A}.Nuget|Any CPU.ActiveCfg = Nuget|x86
		{7E025DE9-8A4F-400A-A6B2-8CEA8D0B9D2A}.Nuget|ARM.ActiveCfg = Nuget|ARM
		{7E025DE9-8A4F-400A-A6B2-8CEA8D0B9D2A}.Nuget|ARM.Deploy.0 = Nuget|ARM
		{7E025DE9-8A4F-400A-A6B2-8CEA8D0B9D2A}.Nuget|ARM64.ActiveCfg = Nuget|ARM64
		{7E025DE9-8A4F-400A-A6B2-8CEA8D0B9D2A}.Nuget|ARM64.Deploy.0 = Nuget|ARM64
		{7E025DE9-8A4F-400A-A6B2-8CEA8D0B9D2A}.Nuget|iPhone.ActiveCfg = Nuget|x86
		{7E025DE9-8A4F-400A-A6B2-8CEA8D0B9D2A}.Nuget|iPhoneSimulator.ActiveCfg = Nuget|x86
		{7E025DE9-8A4F-400A-A6B2-8CEA8D0B9D2A}.Nuget|x64.ActiveCfg = Nuget|x64
		{7E025DE9-8A4F-400A-A6B2-8CEA8D0B9D2A}.Nuget|x64.Deploy.0 = Nuget|x64
		{7E025DE9-8A4F-400A-A6B2-8CEA8D0B9D2A}.Nuget|x86.ActiveCfg = Nuget|x86
		{7E025DE9-8A4F-400A-A6B2-8CEA8D0B9D2A}.Nuget|x86.Deploy.0 = Nuget|x86
		{7E025DE9-8A4F-400A-A6B2-8CEA8D0B9D2A}.Release|Any CPU.ActiveCfg = Release|x86
		{7E025DE9-8A4F-400A-A6B2-8CEA8D0B9D2A}.Release|ARM.ActiveCfg = Release|ARM
		{7E025DE9-8A4F-400A-A6B2-8CEA8D0B9D2A}.Release|ARM.Build.0 = Release|ARM
		{7E025DE9-8A4F-400A-A6B2-8CEA8D0B9D2A}.Release|ARM.Deploy.0 = Release|ARM
		{7E025DE9-8A4F-400A-A6B2-8CEA8D0B9D2A}.Release|ARM64.ActiveCfg = Release|ARM64
		{7E025DE9-8A4F-400A-A6B2-8CEA8D0B9D2A}.Release|ARM64.Build.0 = Release|ARM64
		{7E025DE9-8A4F-400A-A6B2-8CEA8D0B9D2A}.Release|ARM64.Deploy.0 = Release|ARM64
		{7E025DE9-8A4F-400A-A6B2-8CEA8D0B9D2A}.Release|iPhone.ActiveCfg = Release|x86
		{7E025DE9-8A4F-400A-A6B2-8CEA8D0B9D2A}.Release|iPhoneSimulator.ActiveCfg = Release|x86
		{7E025DE9-8A4F-400A-A6B2-8CEA8D0B9D2A}.Release|x64.ActiveCfg = Release|x64
		{7E025DE9-8A4F-400A-A6B2-8CEA8D0B9D2A}.Release|x64.Build.0 = Release|x64
		{7E025DE9-8A4F-400A-A6B2-8CEA8D0B9D2A}.Release|x64.Deploy.0 = Release|x64
		{7E025DE9-8A4F-400A-A6B2-8CEA8D0B9D2A}.Release|x86.ActiveCfg = Release|x86
		{7E025DE9-8A4F-400A-A6B2-8CEA8D0B9D2A}.Release|x86.Build.0 = Release|x86
		{7E025DE9-8A4F-400A-A6B2-8CEA8D0B9D2A}.Release|x86.Deploy.0 = Release|x86
		{9EE2354A-B1CD-451E-9D04-AEF09F85F509}.Ad-Hoc|Any CPU.ActiveCfg = Debug|iPhoneSimulator
		{9EE2354A-B1CD-451E-9D04-AEF09F85F509}.Ad-Hoc|Any CPU.Build.0 = Debug|iPhoneSimulator
		{9EE2354A-B1CD-451E-9D04-AEF09F85F509}.Ad-Hoc|ARM.ActiveCfg = Debug|iPhoneSimulator
		{9EE2354A-B1CD-451E-9D04-AEF09F85F509}.Ad-Hoc|ARM.Build.0 = Debug|iPhoneSimulator
		{9EE2354A-B1CD-451E-9D04-AEF09F85F509}.Ad-Hoc|ARM64.ActiveCfg = Debug|iPhoneSimulator
		{9EE2354A-B1CD-451E-9D04-AEF09F85F509}.Ad-Hoc|ARM64.Build.0 = Debug|iPhoneSimulator
		{9EE2354A-B1CD-451E-9D04-AEF09F85F509}.Ad-Hoc|iPhone.ActiveCfg = Debug|iPhoneSimulator
		{9EE2354A-B1CD-451E-9D04-AEF09F85F509}.Ad-Hoc|iPhone.Build.0 = Debug|iPhoneSimulator
		{9EE2354A-B1CD-451E-9D04-AEF09F85F509}.Ad-Hoc|iPhoneSimulator.ActiveCfg = Debug|iPhoneSimulator
		{9EE2354A-B1CD-451E-9D04-AEF09F85F509}.Ad-Hoc|iPhoneSimulator.Build.0 = Debug|iPhoneSimulator
		{9EE2354A-B1CD-451E-9D04-AEF09F85F509}.Ad-Hoc|x64.ActiveCfg = Debug|iPhoneSimulator
		{9EE2354A-B1CD-451E-9D04-AEF09F85F509}.Ad-Hoc|x64.Build.0 = Debug|iPhoneSimulator
		{9EE2354A-B1CD-451E-9D04-AEF09F85F509}.Ad-Hoc|x86.ActiveCfg = Debug|iPhoneSimulator
		{9EE2354A-B1CD-451E-9D04-AEF09F85F509}.Ad-Hoc|x86.Build.0 = Debug|iPhoneSimulator
		{9EE2354A-B1CD-451E-9D04-AEF09F85F509}.AppStore|Any CPU.ActiveCfg = Debug|iPhoneSimulator
		{9EE2354A-B1CD-451E-9D04-AEF09F85F509}.AppStore|Any CPU.Build.0 = Debug|iPhoneSimulator
		{9EE2354A-B1CD-451E-9D04-AEF09F85F509}.AppStore|ARM.ActiveCfg = Debug|iPhoneSimulator
		{9EE2354A-B1CD-451E-9D04-AEF09F85F509}.AppStore|ARM.Build.0 = Debug|iPhoneSimulator
		{9EE2354A-B1CD-451E-9D04-AEF09F85F509}.AppStore|ARM64.ActiveCfg = Debug|iPhoneSimulator
		{9EE2354A-B1CD-451E-9D04-AEF09F85F509}.AppStore|ARM64.Build.0 = Debug|iPhoneSimulator
		{9EE2354A-B1CD-451E-9D04-AEF09F85F509}.AppStore|iPhone.ActiveCfg = Debug|iPhoneSimulator
		{9EE2354A-B1CD-451E-9D04-AEF09F85F509}.AppStore|iPhone.Build.0 = Debug|iPhoneSimulator
		{9EE2354A-B1CD-451E-9D04-AEF09F85F509}.AppStore|iPhoneSimulator.ActiveCfg = Debug|iPhoneSimulator
		{9EE2354A-B1CD-451E-9D04-AEF09F85F509}.AppStore|iPhoneSimulator.Build.0 = Debug|iPhoneSimulator
		{9EE2354A-B1CD-451E-9D04-AEF09F85F509}.AppStore|x64.ActiveCfg = Debug|iPhoneSimulator
		{9EE2354A-B1CD-451E-9D04-AEF09F85F509}.AppStore|x64.Build.0 = Debug|iPhoneSimulator
		{9EE2354A-B1CD-451E-9D04-AEF09F85F509}.AppStore|x86.ActiveCfg = Debug|iPhoneSimulator
		{9EE2354A-B1CD-451E-9D04-AEF09F85F509}.AppStore|x86.Build.0 = Debug|iPhoneSimulator
		{9EE2354A-B1CD-451E-9D04-AEF09F85F509}.Debug|Any CPU.ActiveCfg = Debug|iPhoneSimulator
		{9EE2354A-B1CD-451E-9D04-AEF09F85F509}.Debug|ARM.ActiveCfg = Debug|iPhoneSimulator
		{9EE2354A-B1CD-451E-9D04-AEF09F85F509}.Debug|ARM64.ActiveCfg = Debug|iPhoneSimulator
		{9EE2354A-B1CD-451E-9D04-AEF09F85F509}.Debug|iPhone.ActiveCfg = Debug|iPhoneSimulator
		{9EE2354A-B1CD-451E-9D04-AEF09F85F509}.Debug|iPhoneSimulator.ActiveCfg = Debug|iPhoneSimulator
		{9EE2354A-B1CD-451E-9D04-AEF09F85F509}.Debug|iPhoneSimulator.Build.0 = Debug|iPhoneSimulator
		{9EE2354A-B1CD-451E-9D04-AEF09F85F509}.Debug|x64.ActiveCfg = Debug|iPhoneSimulator
		{9EE2354A-B1CD-451E-9D04-AEF09F85F509}.Debug|x86.ActiveCfg = Debug|iPhoneSimulator
		{9EE2354A-B1CD-451E-9D04-AEF09F85F509}.Nuget|Any CPU.ActiveCfg = Nuget|iPhoneSimulator
		{9EE2354A-B1CD-451E-9D04-AEF09F85F509}.Nuget|ARM.ActiveCfg = Nuget|iPhoneSimulator
		{9EE2354A-B1CD-451E-9D04-AEF09F85F509}.Nuget|ARM64.ActiveCfg = Nuget|iPhoneSimulator
		{9EE2354A-B1CD-451E-9D04-AEF09F85F509}.Nuget|iPhone.ActiveCfg = Nuget|iPhoneSimulator
		{9EE2354A-B1CD-451E-9D04-AEF09F85F509}.Nuget|iPhoneSimulator.ActiveCfg = Nuget|iPhoneSimulator
		{9EE2354A-B1CD-451E-9D04-AEF09F85F509}.Nuget|x64.ActiveCfg = Nuget|iPhoneSimulator
		{9EE2354A-B1CD-451E-9D04-AEF09F85F509}.Nuget|x86.ActiveCfg = Nuget|iPhoneSimulator
		{9EE2354A-B1CD-451E-9D04-AEF09F85F509}.Release|Any CPU.ActiveCfg = Release|iPhoneSimulator
		{9EE2354A-B1CD-451E-9D04-AEF09F85F509}.Release|ARM.ActiveCfg = Release|iPhoneSimulator
		{9EE2354A-B1CD-451E-9D04-AEF09F85F509}.Release|ARM64.ActiveCfg = Release|iPhoneSimulator
		{9EE2354A-B1CD-451E-9D04-AEF09F85F509}.Release|iPhone.ActiveCfg = Release|iPhoneSimulator
		{9EE2354A-B1CD-451E-9D04-AEF09F85F509}.Release|iPhoneSimulator.ActiveCfg = Release|iPhoneSimulator
		{9EE2354A-B1CD-451E-9D04-AEF09F85F509}.Release|iPhoneSimulator.Build.0 = Release|iPhoneSimulator
		{9EE2354A-B1CD-451E-9D04-AEF09F85F509}.Release|x64.ActiveCfg = Release|iPhoneSimulator
		{9EE2354A-B1CD-451E-9D04-AEF09F85F509}.Release|x86.ActiveCfg = Release|iPhoneSimulator
		{7A9F88CC-AD06-4533-9D29-975EE9307007}.Ad-Hoc|Any CPU.ActiveCfg = Debug|Any CPU
		{7A9F88CC-AD06-4533-9D29-975EE9307007}.Ad-Hoc|Any CPU.Build.0 = Debug|Any CPU
		{7A9F88CC-AD06-4533-9D29-975EE9307007}.Ad-Hoc|ARM.ActiveCfg = Debug|Any CPU
		{7A9F88CC-AD06-4533-9D29-975EE9307007}.Ad-Hoc|ARM.Build.0 = Debug|Any CPU
		{7A9F88CC-AD06-4533-9D29-975EE9307007}.Ad-Hoc|ARM64.ActiveCfg = Debug|Any CPU
		{7A9F88CC-AD06-4533-9D29-975EE9307007}.Ad-Hoc|ARM64.Build.0 = Debug|Any CPU
		{7A9F88CC-AD06-4533-9D29-975EE9307007}.Ad-Hoc|iPhone.ActiveCfg = Debug|Any CPU
		{7A9F88CC-AD06-4533-9D29-975EE9307007}.Ad-Hoc|iPhone.Build.0 = Debug|Any CPU
		{7A9F88CC-AD06-4533-9D29-975EE9307007}.Ad-Hoc|iPhoneSimulator.ActiveCfg = Debug|Any CPU
		{7A9F88CC-AD06-4533-9D29-975EE9307007}.Ad-Hoc|iPhoneSimulator.Build.0 = Debug|Any CPU
		{7A9F88CC-AD06-4533-9D29-975EE9307007}.Ad-Hoc|x64.ActiveCfg = Debug|Any CPU
		{7A9F88CC-AD06-4533-9D29-975EE9307007}.Ad-Hoc|x64.Build.0 = Debug|Any CPU
		{7A9F88CC-AD06-4533-9D29-975EE9307007}.Ad-Hoc|x86.ActiveCfg = Debug|Any CPU
		{7A9F88CC-AD06-4533-9D29-975EE9307007}.Ad-Hoc|x86.Build.0 = Debug|Any CPU
		{7A9F88CC-AD06-4533-9D29-975EE9307007}.AppStore|Any CPU.ActiveCfg = Debug|Any CPU
		{7A9F88CC-AD06-4533-9D29-975EE9307007}.AppStore|Any CPU.Build.0 = Debug|Any CPU
		{7A9F88CC-AD06-4533-9D29-975EE9307007}.AppStore|ARM.ActiveCfg = Debug|Any CPU
		{7A9F88CC-AD06-4533-9D29-975EE9307007}.AppStore|ARM.Build.0 = Debug|Any CPU
		{7A9F88CC-AD06-4533-9D29-975EE9307007}.AppStore|ARM64.ActiveCfg = Debug|Any CPU
		{7A9F88CC-AD06-4533-9D29-975EE9307007}.AppStore|ARM64.Build.0 = Debug|Any CPU
		{7A9F88CC-AD06-4533-9D29-975EE9307007}.AppStore|iPhone.ActiveCfg = Debug|Any CPU
		{7A9F88CC-AD06-4533-9D29-975EE9307007}.AppStore|iPhone.Build.0 = Debug|Any CPU
		{7A9F88CC-AD06-4533-9D29-975EE9307007}.AppStore|iPhoneSimulator.ActiveCfg = Debug|Any CPU
		{7A9F88CC-AD06-4533-9D29-975EE9307007}.AppStore|iPhoneSimulator.Build.0 = Debug|Any CPU
		{7A9F88CC-AD06-4533-9D29-975EE9307007}.AppStore|x64.ActiveCfg = Debug|Any CPU
		{7A9F88CC-AD06-4533-9D29-975EE9307007}.AppStore|x64.Build.0 = Debug|Any CPU
		{7A9F88CC-AD06-4533-9D29-975EE9307007}.AppStore|x86.ActiveCfg = Debug|Any CPU
		{7A9F88CC-AD06-4533-9D29-975EE9307007}.AppStore|x86.Build.0 = Debug|Any CPU
		{7A9F88CC-AD06-4533-9D29-975EE9307007}.Debug|Any CPU.ActiveCfg = Debug|Any CPU
		{7A9F88CC-AD06-4533-9D29-975EE9307007}.Debug|Any CPU.Build.0 = Debug|Any CPU
		{7A9F88CC-AD06-4533-9D29-975EE9307007}.Debug|ARM.ActiveCfg = Debug|Any CPU
		{7A9F88CC-AD06-4533-9D29-975EE9307007}.Debug|ARM.Build.0 = Debug|Any CPU
		{7A9F88CC-AD06-4533-9D29-975EE9307007}.Debug|ARM64.ActiveCfg = Debug|Any CPU
		{7A9F88CC-AD06-4533-9D29-975EE9307007}.Debug|ARM64.Build.0 = Debug|Any CPU
		{7A9F88CC-AD06-4533-9D29-975EE9307007}.Debug|iPhone.ActiveCfg = Debug|Any CPU
		{7A9F88CC-AD06-4533-9D29-975EE9307007}.Debug|iPhone.Build.0 = Debug|Any CPU
		{7A9F88CC-AD06-4533-9D29-975EE9307007}.Debug|iPhoneSimulator.ActiveCfg = Debug|Any CPU
		{7A9F88CC-AD06-4533-9D29-975EE9307007}.Debug|iPhoneSimulator.Build.0 = Debug|Any CPU
		{7A9F88CC-AD06-4533-9D29-975EE9307007}.Debug|x64.ActiveCfg = Debug|Any CPU
		{7A9F88CC-AD06-4533-9D29-975EE9307007}.Debug|x64.Build.0 = Debug|Any CPU
		{7A9F88CC-AD06-4533-9D29-975EE9307007}.Debug|x86.ActiveCfg = Debug|Any CPU
		{7A9F88CC-AD06-4533-9D29-975EE9307007}.Debug|x86.Build.0 = Debug|Any CPU
		{7A9F88CC-AD06-4533-9D29-975EE9307007}.Nuget|Any CPU.ActiveCfg = Nuget|Any CPU
		{7A9F88CC-AD06-4533-9D29-975EE9307007}.Nuget|Any CPU.Build.0 = Nuget|Any CPU
		{7A9F88CC-AD06-4533-9D29-975EE9307007}.Nuget|ARM.ActiveCfg = Debug|Any CPU
		{7A9F88CC-AD06-4533-9D29-975EE9307007}.Nuget|ARM.Build.0 = Debug|Any CPU
		{7A9F88CC-AD06-4533-9D29-975EE9307007}.Nuget|ARM64.ActiveCfg = Debug|Any CPU
		{7A9F88CC-AD06-4533-9D29-975EE9307007}.Nuget|ARM64.Build.0 = Debug|Any CPU
		{7A9F88CC-AD06-4533-9D29-975EE9307007}.Nuget|iPhone.ActiveCfg = Debug|Any CPU
		{7A9F88CC-AD06-4533-9D29-975EE9307007}.Nuget|iPhone.Build.0 = Debug|Any CPU
		{7A9F88CC-AD06-4533-9D29-975EE9307007}.Nuget|iPhoneSimulator.ActiveCfg = Debug|Any CPU
		{7A9F88CC-AD06-4533-9D29-975EE9307007}.Nuget|iPhoneSimulator.Build.0 = Debug|Any CPU
		{7A9F88CC-AD06-4533-9D29-975EE9307007}.Nuget|x64.ActiveCfg = Debug|Any CPU
		{7A9F88CC-AD06-4533-9D29-975EE9307007}.Nuget|x64.Build.0 = Debug|Any CPU
		{7A9F88CC-AD06-4533-9D29-975EE9307007}.Nuget|x86.ActiveCfg = Debug|Any CPU
		{7A9F88CC-AD06-4533-9D29-975EE9307007}.Nuget|x86.Build.0 = Debug|Any CPU
		{7A9F88CC-AD06-4533-9D29-975EE9307007}.Release|Any CPU.ActiveCfg = Release|Any CPU
		{7A9F88CC-AD06-4533-9D29-975EE9307007}.Release|Any CPU.Build.0 = Release|Any CPU
		{7A9F88CC-AD06-4533-9D29-975EE9307007}.Release|ARM.ActiveCfg = Release|Any CPU
		{7A9F88CC-AD06-4533-9D29-975EE9307007}.Release|ARM.Build.0 = Release|Any CPU
		{7A9F88CC-AD06-4533-9D29-975EE9307007}.Release|ARM64.ActiveCfg = Release|Any CPU
		{7A9F88CC-AD06-4533-9D29-975EE9307007}.Release|ARM64.Build.0 = Release|Any CPU
		{7A9F88CC-AD06-4533-9D29-975EE9307007}.Release|iPhone.ActiveCfg = Release|Any CPU
		{7A9F88CC-AD06-4533-9D29-975EE9307007}.Release|iPhone.Build.0 = Release|Any CPU
		{7A9F88CC-AD06-4533-9D29-975EE9307007}.Release|iPhoneSimulator.ActiveCfg = Release|Any CPU
		{7A9F88CC-AD06-4533-9D29-975EE9307007}.Release|iPhoneSimulator.Build.0 = Release|Any CPU
		{7A9F88CC-AD06-4533-9D29-975EE9307007}.Release|x64.ActiveCfg = Release|Any CPU
		{7A9F88CC-AD06-4533-9D29-975EE9307007}.Release|x64.Build.0 = Release|Any CPU
		{7A9F88CC-AD06-4533-9D29-975EE9307007}.Release|x86.ActiveCfg = Release|Any CPU
		{7A9F88CC-AD06-4533-9D29-975EE9307007}.Release|x86.Build.0 = Release|Any CPU
	EndGlobalSection
	GlobalSection(SolutionProperties) = preSolution
		HideSolutionNode = FALSE
	EndGlobalSection
	GlobalSection(NestedProjects) = preSolution
		{6279C845-92F8-4333-AB99-3D213163593C} = {AF1E3559-F30D-4D73-BC0D-066C4C98D64D}
		{1263379C-A6BB-450C-B680-D43871554CCF} = {AF1E3559-F30D-4D73-BC0D-066C4C98D64D}
		{F4936235-FE19-412F-A41F-3D229E5079D4} = {1263379C-A6BB-450C-B680-D43871554CCF}
		{F1B279B5-08F3-43BD-93DF-812A8EC87B50} = {1263379C-A6BB-450C-B680-D43871554CCF}
		{7E025DE9-8A4F-400A-A6B2-8CEA8D0B9D2A} = {1263379C-A6BB-450C-B680-D43871554CCF}
		{9EE2354A-B1CD-451E-9D04-AEF09F85F509} = {1263379C-A6BB-450C-B680-D43871554CCF}
	EndGlobalSection
	GlobalSection(ExtensibilityGlobals) = postSolution
		SolutionGuid = {4FCA7C36-C968-461E-B848-720894C6F282}
	EndGlobalSection
EndGlobal
